
Microsoft Visual Studio Solution File, Format Version 12.00
# Visual Studio Version 16
VisualStudioVersion = 16.0.31129.286
MinimumVisualStudioVersion = 10.0.40219.1
Project("{2150E333-8FDC-42A3-9474-1A3956D46DE8}") = "Cinema", "Cinema", "{DA4236A3-D603-4EF4-8147-1248883389D9}"
EndProject
Project("{9A19103F-16F7-4668-BE54-9A1E7A4F7556}") = "Cinema", "Exercise01\Cinema.csproj", "{F14F3CE3-ECA3-493A-B876-ADF7C9F2C9DD}"
EndProject
Project("{9A19103F-16F7-4668-BE54-9A1E7A4F7556}") = "Exercise01_Models", "Exercise01_Models\Exercise01_Models.csproj", "{03AC43D3-8FC1-4E0A-ADBF-464E06115F20}"
EndProject
Global
	GlobalSection(SolutionConfigurationPlatforms) = preSolution
		Debug|Any CPU = Debug|Any CPU
		Release|Any CPU = Release|Any CPU
	EndGlobalSection
	GlobalSection(ProjectConfigurationPlatforms) = postSolution
		{F14F3CE3-ECA3-493A-B876-ADF7C9F2C9DD}.Debug|Any CPU.ActiveCfg = Debug|Any CPU
		{F14F3CE3-ECA3-493A-B876-ADF7C9F2C9DD}.Debug|Any CPU.Build.0 = Debug|Any CPU
		{F14F3CE3-ECA3-493A-B876-ADF7C9F2C9DD}.Release|Any CPU.ActiveCfg = Release|Any CPU
		{F14F3CE3-ECA3-493A-B876-ADF7C9F2C9DD}.Release|Any CPU.Build.0 = Release|Any CPU
		{03AC43D3-8FC1-4E0A-ADBF-464E06115F20}.Debug|Any CPU.ActiveCfg = Debug|Any CPU
		{03AC43D3-8FC1-4E0A-ADBF-464E06115F20}.Debug|Any CPU.Build.0 = Debug|Any CPU
		{03AC43D3-8FC1-4E0A-ADBF-464E06115F20}.Release|Any CPU.ActiveCfg = Release|Any CPU
		{03AC43D3-8FC1-4E0A-ADBF-464E06115F20}.Release|Any CPU.Build.0 = Release|Any CPU
	EndGlobalSection
	GlobalSection(SolutionProperties) = preSolution
		HideSolutionNode = FALSE
	EndGlobalSection
	GlobalSection(NestedProjects) = preSolution
		{F14F3CE3-ECA3-493A-B876-ADF7C9F2C9DD} = {DA4236A3-D603-4EF4-8147-1248883389D9}
	EndGlobalSection
	GlobalSection(ExtensibilityGlobals) = postSolution
		SolutionGuid = {B3FFA37F-0107-4F3E-8C32-8D6B5689780E}
	EndGlobalSection
EndGlobal
